// !$*UTF8*$!
{
	archiveVersion = 1;
	classes = {
	};
	objectVersion = 46;
	objects = {

/* Begin PBXBuildFile section */
		7D0574D1B1998044F9BA313C /* Pods_DYLive.framework in Frameworks */ = {isa = PBXBuildFile; fileRef = 6E137D564DAD18814F84DB54 /* Pods_DYLive.framework */; };
		B404388E1E8D04EE00756453 /* Home.storyboard in Resources */ = {isa = PBXBuildFile; fileRef = B404388C1E8D04EE00756453 /* Home.storyboard */; };
		B40438981E8D05D400756453 /* Living.storyboard in Resources */ = {isa = PBXBuildFile; fileRef = B40438961E8D05D400756453 /* Living.storyboard */; };
		B404389A1E8D05EC00756453 /* Fous.storyboard in Resources */ = {isa = PBXBuildFile; fileRef = B40438991E8D05EC00756453 /* Fous.storyboard */; };
		B404389D1E8D060800756453 /* Discovery.storyboard in Resources */ = {isa = PBXBuildFile; fileRef = B404389B1E8D060800756453 /* Discovery.storyboard */; };
		B404389F1E8D061700756453 /* Mine.storyboard in Resources */ = {isa = PBXBuildFile; fileRef = B404389E1E8D061700756453 /* Mine.storyboard */; };
		B40438A31E8D0F0800756453 /* MainViewController.swift in Sources */ = {isa = PBXBuildFile; fileRef = B40438A21E8D0F0800756453 /* MainViewController.swift */; };
		B410CC371EBAFBBC00269F8D /* AmuseMenuViewCell.swift in Sources */ = {isa = PBXBuildFile; fileRef = B410CC351EBAFBBC00269F8D /* AmuseMenuViewCell.swift */; };
		B410CC381EBAFBBC00269F8D /* AmuseMenuViewCell.xib in Resources */ = {isa = PBXBuildFile; fileRef = B410CC361EBAFBBC00269F8D /* AmuseMenuViewCell.xib */; };
		B422A5B11E8E2C6B00788BF4 /* HomeViewController.swift in Sources */ = {isa = PBXBuildFile; fileRef = B422A5B01E8E2C6B00788BF4 /* HomeViewController.swift */; };
		B4383E251EA8BE5100D1D22B /* CollectionBaseCell.swift in Sources */ = {isa = PBXBuildFile; fileRef = B4383E241EA8BE5100D1D22B /* CollectionBaseCell.swift */; };
		B43D95ED1EA66A6700EBDAB6 /* RecommendViewModel.swift in Sources */ = {isa = PBXBuildFile; fileRef = B43D95EC1EA66A6700EBDAB6 /* RecommendViewModel.swift */; };
		B44E5FA41EB8997800832747 /* GameViewModel.swift in Sources */ = {isa = PBXBuildFile; fileRef = B44E5FA31EB8997800832747 /* GameViewModel.swift */; };
		B44E5FA61EB89B7100832747 /* GameModel.swift in Sources */ = {isa = PBXBuildFile; fileRef = B44E5FA51EB89B7100832747 /* GameModel.swift */; };
		B45EC6601EA9AC0900AA1BA4 /* RecommendCycleView.swift in Sources */ = {isa = PBXBuildFile; fileRef = B45EC65F1EA9AC0900AA1BA4 /* RecommendCycleView.swift */; };
		B45EC6621EA9AC3500AA1BA4 /* RecommendCycleView.xib in Resources */ = {isa = PBXBuildFile; fileRef = B45EC6611EA9AC3500AA1BA4 /* RecommendCycleView.xib */; };
		B45EC6641EA9D59C00AA1BA4 /* CycleModel.swift in Sources */ = {isa = PBXBuildFile; fileRef = B45EC6631EA9D59C00AA1BA4 /* CycleModel.swift */; };
		B45EC6671EA9DCCC00AA1BA4 /* CollectionCycleCell.swift in Sources */ = {isa = PBXBuildFile; fileRef = B45EC6651EA9DCCC00AA1BA4 /* CollectionCycleCell.swift */; };
		B45EC6681EA9DCCC00AA1BA4 /* CollectionCycleCell.xib in Resources */ = {isa = PBXBuildFile; fileRef = B45EC6661EA9DCCC00AA1BA4 /* CollectionCycleCell.xib */; };
		B45EC66A1EA9F4F900AA1BA4 /* RecommendGameView.swift in Sources */ = {isa = PBXBuildFile; fileRef = B45EC6691EA9F4F900AA1BA4 /* RecommendGameView.swift */; };
		B45EC66C1EA9F50600AA1BA4 /* RecommendGameView.xib in Resources */ = {isa = PBXBuildFile; fileRef = B45EC66B1EA9F50600AA1BA4 /* RecommendGameView.xib */; };
		B45EC66F1EAA015F00AA1BA4 /* CollectionGameCell.swift in Sources */ = {isa = PBXBuildFile; fileRef = B45EC66D1EAA015F00AA1BA4 /* CollectionGameCell.swift */; };
		B45EC6701EAA015F00AA1BA4 /* CollectionGameCell.xib in Resources */ = {isa = PBXBuildFile; fileRef = B45EC66E1EAA015F00AA1BA4 /* CollectionGameCell.xib */; };
		B45F69121EB8DC6000321E33 /* GameBaceModel.swift in Sources */ = {isa = PBXBuildFile; fileRef = B45F69111EB8DC6000321E33 /* GameBaceModel.swift */; };
		B45F69141EB991B500321E33 /* AmuseViewController.swift in Sources */ = {isa = PBXBuildFile; fileRef = B45F69131EB991B500321E33 /* AmuseViewController.swift */; };
		B45F69161EB9B05E00321E33 /* AmuseViewModel.swift in Sources */ = {isa = PBXBuildFile; fileRef = B45F69151EB9B05E00321E33 /* AmuseViewModel.swift */; };
		B45F69191EB9C86B00321E33 /* BaseViewModel.swift in Sources */ = {isa = PBXBuildFile; fileRef = B45F69181EB9C86B00321E33 /* BaseViewModel.swift */; };
		B45F691B1EB9D00100321E33 /* BaceAnchorViewController.swift in Sources */ = {isa = PBXBuildFile; fileRef = B45F691A1EB9D00100321E33 /* BaceAnchorViewController.swift */; };
		B469DC1C1E8FF35A00B47BF4 /* UIBarButtonItem+Extension.swift in Sources */ = {isa = PBXBuildFile; fileRef = B469DC1B1E8FF35A00B47BF4 /* UIBarButtonItem+Extension.swift */; };
		B469DC1E1E9002D100B47BF4 /* PageTitleView.swift in Sources */ = {isa = PBXBuildFile; fileRef = B469DC1D1E9002D100B47BF4 /* PageTitleView.swift */; };
		B46E8A5B1E9B2DD60006F5E5 /* CollectionPrettyCell.swift in Sources */ = {isa = PBXBuildFile; fileRef = B46E8A591E9B2DD60006F5E5 /* CollectionPrettyCell.swift */; };
		B46E8A5C1E9B2DD60006F5E5 /* CollectionPrettyCell.xib in Resources */ = {isa = PBXBuildFile; fileRef = B46E8A5A1E9B2DD60006F5E5 /* CollectionPrettyCell.xib */; };
		B48C4CAB1E8CEC28002CD3AF /* AppDelegate.swift in Sources */ = {isa = PBXBuildFile; fileRef = B48C4CAA1E8CEC28002CD3AF /* AppDelegate.swift */; };
		B48C4CB01E8CEC28002CD3AF /* Main.storyboard in Resources */ = {isa = PBXBuildFile; fileRef = B48C4CAE1E8CEC28002CD3AF /* Main.storyboard */; };
		B48C4CB21E8CEC28002CD3AF /* Assets.xcassets in Resources */ = {isa = PBXBuildFile; fileRef = B48C4CB11E8CEC28002CD3AF /* Assets.xcassets */; };
		B48C4CB51E8CEC28002CD3AF /* LaunchScreen.storyboard in Resources */ = {isa = PBXBuildFile; fileRef = B48C4CB31E8CEC28002CD3AF /* LaunchScreen.storyboard */; };
		B48C4CC01E8CEC28002CD3AF /* DYLiveTests.swift in Sources */ = {isa = PBXBuildFile; fileRef = B48C4CBF1E8CEC28002CD3AF /* DYLiveTests.swift */; };
		B48C4CCB1E8CEC28002CD3AF /* DYLiveUITests.swift in Sources */ = {isa = PBXBuildFile; fileRef = B48C4CCA1E8CEC28002CD3AF /* DYLiveUITests.swift */; };
		B4902FBF1EA272F900EF7633 /* NSDate+Extension.swift in Sources */ = {isa = PBXBuildFile; fileRef = B4902FBE1EA272F900EF7633 /* NSDate+Extension.swift */; };
		B49D70F91E8CF34700B73176 /* AppIcon20x20@2x.png in Resources */ = {isa = PBXBuildFile; fileRef = B49D70EA1E8CF34700B73176 /* AppIcon20x20@2x.png */; };
		B49D70FA1E8CF34700B73176 /* AppIcon20x20@3x.png in Resources */ = {isa = PBXBuildFile; fileRef = B49D70EB1E8CF34700B73176 /* AppIcon20x20@3x.png */; };
		B49D70FB1E8CF34700B73176 /* AppIcon29x29.png in Resources */ = {isa = PBXBuildFile; fileRef = B49D70EC1E8CF34700B73176 /* AppIcon29x29.png */; };
		B49D70FC1E8CF34700B73176 /* AppIcon29x29@2x.png in Resources */ = {isa = PBXBuildFile; fileRef = B49D70ED1E8CF34700B73176 /* AppIcon29x29@2x.png */; };
		B49D70FD1E8CF34700B73176 /* AppIcon40x40@2x.png in Resources */ = {isa = PBXBuildFile; fileRef = B49D70EE1E8CF34700B73176 /* AppIcon40x40@2x.png */; };
		B49D70FE1E8CF34700B73176 /* AppIcon57x57.png in Resources */ = {isa = PBXBuildFile; fileRef = B49D70EF1E8CF34700B73176 /* AppIcon57x57.png */; };
		B49D70FF1E8CF34700B73176 /* AppIcon57x57@2x.png in Resources */ = {isa = PBXBuildFile; fileRef = B49D70F01E8CF34700B73176 /* AppIcon57x57@2x.png */; };
		B49D71001E8CF34700B73176 /* AppIcon60x60@2x.png in Resources */ = {isa = PBXBuildFile; fileRef = B49D70F11E8CF34700B73176 /* AppIcon60x60@2x.png */; };
		B49D71011E8CF34700B73176 /* AppIcon60x60@3x.png in Resources */ = {isa = PBXBuildFile; fileRef = B49D70F21E8CF34700B73176 /* AppIcon60x60@3x.png */; };
		B49D71021E8CF34700B73176 /* Default1136.png in Resources */ = {isa = PBXBuildFile; fileRef = B49D70F41E8CF34700B73176 /* Default1136.png */; };
		B49D71031E8CF34700B73176 /* Default1334.png in Resources */ = {isa = PBXBuildFile; fileRef = B49D70F51E8CF34700B73176 /* Default1334.png */; };
		B49D71041E8CF34700B73176 /* Default1472.png in Resources */ = {isa = PBXBuildFile; fileRef = B49D70F61E8CF34700B73176 /* Default1472.png */; };
		B49D71051E8CF34700B73176 /* Default2048.png in Resources */ = {isa = PBXBuildFile; fileRef = B49D70F71E8CF34700B73176 /* Default2048.png */; };
		B49D71061E8CF34700B73176 /* Default960.png in Resources */ = {isa = PBXBuildFile; fileRef = B49D70F81E8CF34700B73176 /* Default960.png */; };
		B4AFB0E01EB259B500FC166E /* GameViewController.swift in Sources */ = {isa = PBXBuildFile; fileRef = B4AFB0DF1EB259B500FC166E /* GameViewController.swift */; };
		B4BCB0571E993D9800DD4B36 /* CollectionHeaderView.swift in Sources */ = {isa = PBXBuildFile; fileRef = B4BCB0551E993D9800DD4B36 /* CollectionHeaderView.swift */; };
		B4BCB0581E993D9800DD4B36 /* CollectionHeaderView.xib in Resources */ = {isa = PBXBuildFile; fileRef = B4BCB0561E993D9800DD4B36 /* CollectionHeaderView.xib */; };
		B4BCB05B1E99419F00DD4B36 /* CollectionNormalCell.swift in Sources */ = {isa = PBXBuildFile; fileRef = B4BCB0591E99419F00DD4B36 /* CollectionNormalCell.swift */; };
		B4BCB05C1E99419F00DD4B36 /* CollectionNormalCell.xib in Resources */ = {isa = PBXBuildFile; fileRef = B4BCB05A1E99419F00DD4B36 /* CollectionNormalCell.xib */; };
		B4C103F81EBA45040069EA6C /* AmuseMenuView.swift in Sources */ = {isa = PBXBuildFile; fileRef = B4C103F71EBA45040069EA6C /* AmuseMenuView.swift */; };
		B4C103FA1EBA45140069EA6C /* AmuseMenuView.xib in Resources */ = {isa = PBXBuildFile; fileRef = B4C103F91EBA45140069EA6C /* AmuseMenuView.xib */; };
		B4D6A5E81EC1A30600A220C2 /* FunnyViewModel.swift in Sources */ = {isa = PBXBuildFile; fileRef = B4D6A5E71EC1A30600A220C2 /* FunnyViewModel.swift */; };
		B4D6A5ED1EC1BB7B00A220C2 /* BaceViewController.swift in Sources */ = {isa = PBXBuildFile; fileRef = B4D6A5EC1EC1BB7B00A220C2 /* BaceViewController.swift */; };
		B4DD79091E93A35E00F36F8A /* PageContentView.swift in Sources */ = {isa = PBXBuildFile; fileRef = B4DD79081E93A35E00F36F8A /* PageContentView.swift */; };
		B4DD790B1E93EA9000F36F8A /* UIColor+Extension.swift in Sources */ = {isa = PBXBuildFile; fileRef = B4DD790A1E93EA9000F36F8A /* UIColor+Extension.swift */; };
		B4E3DA721E97E8F5000078EC /* RecommendViewController.swift in Sources */ = {isa = PBXBuildFile; fileRef = B4E3DA711E97E8F5000078EC /* RecommendViewController.swift */; };
		B4E51D261EBF6B6D00A6BCEA /* FunnyViewController.swift in Sources */ = {isa = PBXBuildFile; fileRef = B4E51D251EBF6B6D00A6BCEA /* FunnyViewController.swift */; };
		B4E636751EA731DD00775F8E /* AnchorModel.swift in Sources */ = {isa = PBXBuildFile; fileRef = B4E636741EA731DD00775F8E /* AnchorModel.swift */; };
		B4F07A3A1EA3C86D008073A1 /* AnchorGroup.swift in Sources */ = {isa = PBXBuildFile; fileRef = B4F07A391EA3C86D008073A1 /* AnchorGroup.swift */; };
		B4F3EF521E9B82C600335AF3 /* Commons.swift in Sources */ = {isa = PBXBuildFile; fileRef = B4F3EF511E9B82C600335AF3 /* Commons.swift */; };
		B4F3EF551E9B832100335AF3 /* NetworkTools.swift in Sources */ = {isa = PBXBuildFile; fileRef = B4F3EF541E9B832100335AF3 /* NetworkTools.swift */; };
/* End PBXBuildFile section */

/* Begin PBXContainerItemProxy section */
		B48C4CBC1E8CEC28002CD3AF /* PBXContainerItemProxy */ = {
			isa = PBXContainerItemProxy;
			containerPortal = B48C4C9F1E8CEC28002CD3AF /* Project object */;
			proxyType = 1;
			remoteGlobalIDString = B48C4CA61E8CEC28002CD3AF;
			remoteInfo = DYLive;
		};
		B48C4CC71E8CEC28002CD3AF /* PBXContainerItemProxy */ = {
			isa = PBXContainerItemProxy;
			containerPortal = B48C4C9F1E8CEC28002CD3AF /* Project object */;
			proxyType = 1;
			remoteGlobalIDString = B48C4CA61E8CEC28002CD3AF;
			remoteInfo = DYLive;
		};
/* End PBXContainerItemProxy section */

/* Begin PBXFileReference section */
		33568DD63F68EAF8146CEF3F /* Pods-DYLive.debug.xcconfig */ = {isa = PBXFileReference; includeInIndex = 1; lastKnownFileType = text.xcconfig; name = "Pods-DYLive.debug.xcconfig"; path = "Pods/Target Support Files/Pods-DYLive/Pods-DYLive.debug.xcconfig"; sourceTree = "<group>"; };
		42EDD0602AF52A09414BA528 /* Pods-DYLive.release.xcconfig */ = {isa = PBXFileReference; includeInIndex = 1; lastKnownFileType = text.xcconfig; name = "Pods-DYLive.release.xcconfig"; path = "Pods/Target Support Files/Pods-DYLive/Pods-DYLive.release.xcconfig"; sourceTree = "<group>"; };
		6E137D564DAD18814F84DB54 /* Pods_DYLive.framework */ = {isa = PBXFileReference; explicitFileType = wrapper.framework; includeInIndex = 0; path = Pods_DYLive.framework; sourceTree = BUILT_PRODUCTS_DIR; };
		A54ED03D0CA6AD393EB8EF35 /* Pods_DYLiveTests.framework */ = {isa = PBXFileReference; explicitFileType = wrapper.framework; includeInIndex = 0; path = Pods_DYLiveTests.framework; sourceTree = BUILT_PRODUCTS_DIR; };
		B404388D1E8D04EE00756453 /* Base */ = {isa = PBXFileReference; lastKnownFileType = file.storyboard; name = Base; path = DYLive/Base.lproj/Home.storyboard; sourceTree = SOURCE_ROOT; };
		B40438971E8D05D400756453 /* Base */ = {isa = PBXFileReference; lastKnownFileType = file.storyboard; name = Base; path = DYLive/Base.lproj/Living.storyboard; sourceTree = SOURCE_ROOT; };
		B40438991E8D05EC00756453 /* Fous.storyboard */ = {isa = PBXFileReference; fileEncoding = 4; lastKnownFileType = file.storyboard; name = Fous.storyboard; path = ../Main/Fous.storyboard; sourceTree = "<group>"; };
		B404389C1E8D060800756453 /* Base */ = {isa = PBXFileReference; lastKnownFileType = file.storyboard; name = Base; path = DYLive/Base.lproj/Discovery.storyboard; sourceTree = SOURCE_ROOT; };
		B404389E1E8D061700756453 /* Mine.storyboard */ = {isa = PBXFileReference; fileEncoding = 4; lastKnownFileType = file.storyboard; name = Mine.storyboard; path = ../Main/Mine.storyboard; sourceTree = "<group>"; };
		B40438A21E8D0F0800756453 /* MainViewController.swift */ = {isa = PBXFileReference; fileEncoding = 4; lastKnownFileType = sourcecode.swift; name = MainViewController.swift; path = ../MainViewController.swift; sourceTree = "<group>"; };
		B410CC351EBAFBBC00269F8D /* AmuseMenuViewCell.swift */ = {isa = PBXFileReference; fileEncoding = 4; lastKnownFileType = sourcecode.swift; path = AmuseMenuViewCell.swift; sourceTree = "<group>"; };
		B410CC361EBAFBBC00269F8D /* AmuseMenuViewCell.xib */ = {isa = PBXFileReference; fileEncoding = 4; lastKnownFileType = file.xib; path = AmuseMenuViewCell.xib; sourceTree = "<group>"; };
		B422A5B01E8E2C6B00788BF4 /* HomeViewController.swift */ = {isa = PBXFileReference; fileEncoding = 4; lastKnownFileType = sourcecode.swift; path = HomeViewController.swift; sourceTree = "<group>"; };
		B4383E241EA8BE5100D1D22B /* CollectionBaseCell.swift */ = {isa = PBXFileReference; fileEncoding = 4; lastKnownFileType = sourcecode.swift; path = CollectionBaseCell.swift; sourceTree = "<group>"; };
		B43D95EC1EA66A6700EBDAB6 /* RecommendViewModel.swift */ = {isa = PBXFileReference; fileEncoding = 4; lastKnownFileType = sourcecode.swift; path = RecommendViewModel.swift; sourceTree = "<group>"; };
		B44E5FA31EB8997800832747 /* GameViewModel.swift */ = {isa = PBXFileReference; fileEncoding = 4; lastKnownFileType = sourcecode.swift; path = GameViewModel.swift; sourceTree = "<group>"; };
		B44E5FA51EB89B7100832747 /* GameModel.swift */ = {isa = PBXFileReference; fileEncoding = 4; lastKnownFileType = sourcecode.swift; path = GameModel.swift; sourceTree = "<group>"; };
		B45EC65F1EA9AC0900AA1BA4 /* RecommendCycleView.swift */ = {isa = PBXFileReference; fileEncoding = 4; lastKnownFileType = sourcecode.swift; path = RecommendCycleView.swift; sourceTree = "<group>"; };
		B45EC6611EA9AC3500AA1BA4 /* RecommendCycleView.xib */ = {isa = PBXFileReference; fileEncoding = 4; lastKnownFileType = file.xib; path = RecommendCycleView.xib; sourceTree = "<group>"; };
		B45EC6631EA9D59C00AA1BA4 /* CycleModel.swift */ = {isa = PBXFileReference; fileEncoding = 4; lastKnownFileType = sourcecode.swift; path = CycleModel.swift; sourceTree = "<group>"; };
		B45EC6651EA9DCCC00AA1BA4 /* CollectionCycleCell.swift */ = {isa = PBXFileReference; fileEncoding = 4; lastKnownFileType = sourcecode.swift; path = CollectionCycleCell.swift; sourceTree = "<group>"; };
		B45EC6661EA9DCCC00AA1BA4 /* CollectionCycleCell.xib */ = {isa = PBXFileReference; fileEncoding = 4; lastKnownFileType = file.xib; path = CollectionCycleCell.xib; sourceTree = "<group>"; };
		B45EC6691EA9F4F900AA1BA4 /* RecommendGameView.swift */ = {isa = PBXFileReference; fileEncoding = 4; lastKnownFileType = sourcecode.swift; path = RecommendGameView.swift; sourceTree = "<group>"; };
		B45EC66B1EA9F50600AA1BA4 /* RecommendGameView.xib */ = {isa = PBXFileReference; fileEncoding = 4; lastKnownFileType = file.xib; path = RecommendGameView.xib; sourceTree = "<group>"; };
		B45EC66D1EAA015F00AA1BA4 /* CollectionGameCell.swift */ = {isa = PBXFileReference; fileEncoding = 4; lastKnownFileType = sourcecode.swift; path = CollectionGameCell.swift; sourceTree = "<group>"; };
		B45EC66E1EAA015F00AA1BA4 /* CollectionGameCell.xib */ = {isa = PBXFileReference; fileEncoding = 4; lastKnownFileType = file.xib; path = CollectionGameCell.xib; sourceTree = "<group>"; };
		B45F69111EB8DC6000321E33 /* GameBaceModel.swift */ = {isa = PBXFileReference; fileEncoding = 4; lastKnownFileType = sourcecode.swift; path = GameBaceModel.swift; sourceTree = "<group>"; };
		B45F69131EB991B500321E33 /* AmuseViewController.swift */ = {isa = PBXFileReference; fileEncoding = 4; lastKnownFileType = sourcecode.swift; path = AmuseViewController.swift; sourceTree = "<group>"; };
		B45F69151EB9B05E00321E33 /* AmuseViewModel.swift */ = {isa = PBXFileReference; fileEncoding = 4; lastKnownFileType = sourcecode.swift; path = AmuseViewModel.swift; sourceTree = "<group>"; };
		B45F69181EB9C86B00321E33 /* BaseViewModel.swift */ = {isa = PBXFileReference; fileEncoding = 4; lastKnownFileType = sourcecode.swift; path = BaseViewModel.swift; sourceTree = "<group>"; };
		B45F691A1EB9D00100321E33 /* BaceAnchorViewController.swift */ = {isa = PBXFileReference; fileEncoding = 4; lastKnownFileType = sourcecode.swift; path = BaceAnchorViewController.swift; sourceTree = "<group>"; };
		B469DC1B1E8FF35A00B47BF4 /* UIBarButtonItem+Extension.swift */ = {isa = PBXFileReference; fileEncoding = 4; lastKnownFileType = sourcecode.swift; path = "UIBarButtonItem+Extension.swift"; sourceTree = "<group>"; };
		B469DC1D1E9002D100B47BF4 /* PageTitleView.swift */ = {isa = PBXFileReference; fileEncoding = 4; lastKnownFileType = sourcecode.swift; path = PageTitleView.swift; sourceTree = "<group>"; };
		B46E8A591E9B2DD60006F5E5 /* CollectionPrettyCell.swift */ = {isa = PBXFileReference; fileEncoding = 4; lastKnownFileType = sourcecode.swift; path = CollectionPrettyCell.swift; sourceTree = "<group>"; };
		B46E8A5A1E9B2DD60006F5E5 /* CollectionPrettyCell.xib */ = {isa = PBXFileReference; fileEncoding = 4; lastKnownFileType = file.xib; path = CollectionPrettyCell.xib; sourceTree = "<group>"; };
		B48C4CA71E8CEC28002CD3AF /* DYLive.app */ = {isa = PBXFileReference; explicitFileType = wrapper.application; includeInIndex = 0; path = DYLive.app; sourceTree = BUILT_PRODUCTS_DIR; };
		B48C4CAA1E8CEC28002CD3AF /* AppDelegate.swift */ = {isa = PBXFileReference; lastKnownFileType = sourcecode.swift; path = AppDelegate.swift; sourceTree = "<group>"; };
		B48C4CAF1E8CEC28002CD3AF /* Base */ = {isa = PBXFileReference; lastKnownFileType = file.storyboard; name = Base; path = Base.lproj/Main.storyboard; sourceTree = "<group>"; };
		B48C4CB11E8CEC28002CD3AF /* Assets.xcassets */ = {isa = PBXFileReference; lastKnownFileType = folder.assetcatalog; path = Assets.xcassets; sourceTree = "<group>"; };
		B48C4CB41E8CEC28002CD3AF /* Base */ = {isa = PBXFileReference; lastKnownFileType = file.storyboard; name = Base; path = Base.lproj/LaunchScreen.storyboard; sourceTree = "<group>"; };
		B48C4CB61E8CEC28002CD3AF /* Info.plist */ = {isa = PBXFileReference; lastKnownFileType = text.plist.xml; path = Info.plist; sourceTree = "<group>"; };
		B48C4CBB1E8CEC28002CD3AF /* DYLiveTests.xctest */ = {isa = PBXFileReference; explicitFileType = wrapper.cfbundle; includeInIndex = 0; path = DYLiveTests.xctest; sourceTree = BUILT_PRODUCTS_DIR; };
		B48C4CBF1E8CEC28002CD3AF /* DYLiveTests.swift */ = {isa = PBXFileReference; lastKnownFileType = sourcecode.swift; path = DYLiveTests.swift; sourceTree = "<group>"; };
		B48C4CC11E8CEC28002CD3AF /* Info.plist */ = {isa = PBXFileReference; lastKnownFileType = text.plist.xml; path = Info.plist; sourceTree = "<group>"; };
		B48C4CC61E8CEC28002CD3AF /* DYLiveUITests.xctest */ = {isa = PBXFileReference; explicitFileType = wrapper.cfbundle; includeInIndex = 0; path = DYLiveUITests.xctest; sourceTree = BUILT_PRODUCTS_DIR; };
		B48C4CCA1E8CEC28002CD3AF /* DYLiveUITests.swift */ = {isa = PBXFileReference; lastKnownFileType = sourcecode.swift; path = DYLiveUITests.swift; sourceTree = "<group>"; };
		B48C4CCC1E8CEC28002CD3AF /* Info.plist */ = {isa = PBXFileReference; lastKnownFileType = text.plist.xml; path = Info.plist; sourceTree = "<group>"; };
		B4902FBE1EA272F900EF7633 /* NSDate+Extension.swift */ = {isa = PBXFileReference; fileEncoding = 4; lastKnownFileType = sourcecode.swift; path = "NSDate+Extension.swift"; sourceTree = "<group>"; };
		B49D70EA1E8CF34700B73176 /* AppIcon20x20@2x.png */ = {isa = PBXFileReference; lastKnownFileType = image.png; path = "AppIcon20x20@2x.png"; sourceTree = "<group>"; };
		B49D70EB1E8CF34700B73176 /* AppIcon20x20@3x.png */ = {isa = PBXFileReference; lastKnownFileType = image.png; path = "AppIcon20x20@3x.png"; sourceTree = "<group>"; };
		B49D70EC1E8CF34700B73176 /* AppIcon29x29.png */ = {isa = PBXFileReference; lastKnownFileType = image.png; path = AppIcon29x29.png; sourceTree = "<group>"; };
		B49D70ED1E8CF34700B73176 /* AppIcon29x29@2x.png */ = {isa = PBXFileReference; lastKnownFileType = image.png; path = "AppIcon29x29@2x.png"; sourceTree = "<group>"; };
		B49D70EE1E8CF34700B73176 /* AppIcon40x40@2x.png */ = {isa = PBXFileReference; lastKnownFileType = image.png; path = "AppIcon40x40@2x.png"; sourceTree = "<group>"; };
		B49D70EF1E8CF34700B73176 /* AppIcon57x57.png */ = {isa = PBXFileReference; lastKnownFileType = image.png; path = AppIcon57x57.png; sourceTree = "<group>"; };
		B49D70F01E8CF34700B73176 /* AppIcon57x57@2x.png */ = {isa = PBXFileReference; lastKnownFileType = image.png; path = "AppIcon57x57@2x.png"; sourceTree = "<group>"; };
		B49D70F11E8CF34700B73176 /* AppIcon60x60@2x.png */ = {isa = PBXFileReference; lastKnownFileType = image.png; path = "AppIcon60x60@2x.png"; sourceTree = "<group>"; };
		B49D70F21E8CF34700B73176 /* AppIcon60x60@3x.png */ = {isa = PBXFileReference; lastKnownFileType = image.png; path = "AppIcon60x60@3x.png"; sourceTree = "<group>"; };
		B49D70F41E8CF34700B73176 /* Default1136.png */ = {isa = PBXFileReference; lastKnownFileType = image.png; path = Default1136.png; sourceTree = "<group>"; };
		B49D70F51E8CF34700B73176 /* Default1334.png */ = {isa = PBXFileReference; lastKnownFileType = image.png; path = Default1334.png; sourceTree = "<group>"; };
		B49D70F61E8CF34700B73176 /* Default1472.png */ = {isa = PBXFileReference; lastKnownFileType = image.png; path = Default1472.png; sourceTree = "<group>"; };
		B49D70F71E8CF34700B73176 /* Default2048.png */ = {isa = PBXFileReference; lastKnownFileType = image.png; path = Default2048.png; sourceTree = "<group>"; };
		B49D70F81E8CF34700B73176 /* Default960.png */ = {isa = PBXFileReference; lastKnownFileType = image.png; path = Default960.png; sourceTree = "<group>"; };
		B4AFB0DF1EB259B500FC166E /* GameViewController.swift */ = {isa = PBXFileReference; fileEncoding = 4; lastKnownFileType = sourcecode.swift; path = GameViewController.swift; sourceTree = "<group>"; };
		B4BCB0551E993D9800DD4B36 /* CollectionHeaderView.swift */ = {isa = PBXFileReference; fileEncoding = 4; lastKnownFileType = sourcecode.swift; path = CollectionHeaderView.swift; sourceTree = "<group>"; };
		B4BCB0561E993D9800DD4B36 /* CollectionHeaderView.xib */ = {isa = PBXFileReference; fileEncoding = 4; lastKnownFileType = file.xib; path = CollectionHeaderView.xib; sourceTree = "<group>"; };
		B4BCB0591E99419F00DD4B36 /* CollectionNormalCell.swift */ = {isa = PBXFileReference; fileEncoding = 4; lastKnownFileType = sourcecode.swift; path = CollectionNormalCell.swift; sourceTree = "<group>"; };
		B4BCB05A1E99419F00DD4B36 /* CollectionNormalCell.xib */ = {isa = PBXFileReference; fileEncoding = 4; lastKnownFileType = file.xib; path = CollectionNormalCell.xib; sourceTree = "<group>"; };
		B4C103F71EBA45040069EA6C /* AmuseMenuView.swift */ = {isa = PBXFileReference; fileEncoding = 4; lastKnownFileType = sourcecode.swift; path = AmuseMenuView.swift; sourceTree = "<group>"; };
		B4C103F91EBA45140069EA6C /* AmuseMenuView.xib */ = {isa = PBXFileReference; fileEncoding = 4; lastKnownFileType = file.xib; path = AmuseMenuView.xib; sourceTree = "<group>"; };
		B4D6A5E71EC1A30600A220C2 /* FunnyViewModel.swift */ = {isa = PBXFileReference; fileEncoding = 4; lastKnownFileType = sourcecode.swift; path = FunnyViewModel.swift; sourceTree = "<group>"; };
		B4D6A5EC1EC1BB7B00A220C2 /* BaceViewController.swift */ = {isa = PBXFileReference; fileEncoding = 4; lastKnownFileType = sourcecode.swift; path = BaceViewController.swift; sourceTree = "<group>"; };
		B4DD79081E93A35E00F36F8A /* PageContentView.swift */ = {isa = PBXFileReference; fileEncoding = 4; lastKnownFileType = sourcecode.swift; path = PageContentView.swift; sourceTree = "<group>"; };
		B4DD790A1E93EA9000F36F8A /* UIColor+Extension.swift */ = {isa = PBXFileReference; fileEncoding = 4; lastKnownFileType = sourcecode.swift; path = "UIColor+Extension.swift"; sourceTree = "<group>"; };
		B4E3DA711E97E8F5000078EC /* RecommendViewController.swift */ = {isa = PBXFileReference; fileEncoding = 4; lastKnownFileType = sourcecode.swift; path = RecommendViewController.swift; sourceTree = "<group>"; };
		B4E51D251EBF6B6D00A6BCEA /* FunnyViewController.swift */ = {isa = PBXFileReference; fileEncoding = 4; lastKnownFileType = sourcecode.swift; path = FunnyViewController.swift; sourceTree = "<group>"; };
		B4E636741EA731DD00775F8E /* AnchorModel.swift */ = {isa = PBXFileReference; fileEncoding = 4; lastKnownFileType = sourcecode.swift; path = AnchorModel.swift; sourceTree = "<group>"; };
		B4F07A391EA3C86D008073A1 /* AnchorGroup.swift */ = {isa = PBXFileReference; fileEncoding = 4; lastKnownFileType = sourcecode.swift; path = AnchorGroup.swift; sourceTree = "<group>"; };
		B4F3EF511E9B82C600335AF3 /* Commons.swift */ = {isa = PBXFileReference; fileEncoding = 4; lastKnownFileType = sourcecode.swift; path = Commons.swift; sourceTree = "<group>"; };
		B4F3EF541E9B832100335AF3 /* NetworkTools.swift */ = {isa = PBXFileReference; fileEncoding = 4; lastKnownFileType = sourcecode.swift; path = NetworkTools.swift; sourceTree = "<group>"; };
		F8369C1733FF15C0438994A8 /* Pods_DYLiveUITests.framework */ = {isa = PBXFileReference; explicitFileType = wrapper.framework; includeInIndex = 0; path = Pods_DYLiveUITests.framework; sourceTree = BUILT_PRODUCTS_DIR; };
/* End PBXFileReference section */

/* Begin PBXFrameworksBuildPhase section */
		B48C4CA41E8CEC28002CD3AF /* Frameworks */ = {
			isa = PBXFrameworksBuildPhase;
			buildActionMask = 2147483647;
			files = (
				7D0574D1B1998044F9BA313C /* Pods_DYLive.framework in Frameworks */,
			);
			runOnlyForDeploymentPostprocessing = 0;
		};
		B48C4CB81E8CEC28002CD3AF /* Frameworks */ = {
			isa = PBXFrameworksBuildPhase;
			buildActionMask = 2147483647;
			files = (
			);
			runOnlyForDeploymentPostprocessing = 0;
		};
		B48C4CC31E8CEC28002CD3AF /* Frameworks */ = {
			isa = PBXFrameworksBuildPhase;
			buildActionMask = 2147483647;
			files = (
			);
			runOnlyForDeploymentPostprocessing = 0;
		};
/* End PBXFrameworksBuildPhase section */

/* Begin PBXGroup section */
		186CDA845EF7107779A85BD1 /* Pods */ = {
			isa = PBXGroup;
			children = (
				33568DD63F68EAF8146CEF3F /* Pods-DYLive.debug.xcconfig */,
				42EDD0602AF52A09414BA528 /* Pods-DYLive.release.xcconfig */,
			);
			name = Pods;
			sourceTree = "<group>";
		};
		9BAC786EE28A05AD99D237B5 /* Frameworks */ = {
			isa = PBXGroup;
			children = (
				6E137D564DAD18814F84DB54 /* Pods_DYLive.framework */,
				A54ED03D0CA6AD393EB8EF35 /* Pods_DYLiveTests.framework */,
				F8369C1733FF15C0438994A8 /* Pods_DYLiveUITests.framework */,
			);
			name = Frameworks;
			sourceTree = "<group>";
		};
		B422A5A61E8E2BBF00788BF4 /* Controller */ = {
			isa = PBXGroup;
			children = (
				B48C4CAE1E8CEC28002CD3AF /* Main.storyboard */,
				B40438A21E8D0F0800756453 /* MainViewController.swift */,
				B45F691A1EB9D00100321E33 /* BaceAnchorViewController.swift */,
				B4D6A5EC1EC1BB7B00A220C2 /* BaceViewController.swift */,
			);
			path = Controller;
			sourceTree = "<group>";
		};
		B422A5A91E8E2BBF00788BF4 /* Model */ = {
			isa = PBXGroup;
			children = (
				B45F69111EB8DC6000321E33 /* GameBaceModel.swift */,
				B4F07A391EA3C86D008073A1 /* AnchorGroup.swift */,
				B4E636741EA731DD00775F8E /* AnchorModel.swift */,
			);
			path = Model;
			sourceTree = "<group>";
		};
		B422A5AA1E8E2BBF00788BF4 /* View */ = {
			isa = PBXGroup;
			children = (
				B469DC1D1E9002D100B47BF4 /* PageTitleView.swift */,
				B4DD79081E93A35E00F36F8A /* PageContentView.swift */,
				B4BCB0591E99419F00DD4B36 /* CollectionNormalCell.swift */,
				B4BCB05A1E99419F00DD4B36 /* CollectionNormalCell.xib */,
				B4383E241EA8BE5100D1D22B /* CollectionBaseCell.swift */,
			);
			path = View;
			sourceTree = "<group>";
		};
		B422A5AD1E8E2BED00788BF4 /* Controller */ = {
			isa = PBXGroup;
			children = (
				B404388C1E8D04EE00756453 /* Home.storyboard */,
				B422A5B01E8E2C6B00788BF4 /* HomeViewController.swift */,
				B4E3DA711E97E8F5000078EC /* RecommendViewController.swift */,
				B4AFB0DF1EB259B500FC166E /* GameViewController.swift */,
				B45F69131EB991B500321E33 /* AmuseViewController.swift */,
				B4E51D251EBF6B6D00A6BCEA /* FunnyViewController.swift */,
			);
			path = Controller;
			sourceTree = "<group>";
		};
		B422A5AE1E8E2BED00788BF4 /* Model */ = {
			isa = PBXGroup;
			children = (
				B45EC6631EA9D59C00AA1BA4 /* CycleModel.swift */,
				B44E5FA51EB89B7100832747 /* GameModel.swift */,
			);
			path = Model;
			sourceTree = "<group>";
		};
		B422A5AF1E8E2BED00788BF4 /* View */ = {
			isa = PBXGroup;
			children = (
				B4BCB0551E993D9800DD4B36 /* CollectionHeaderView.swift */,
				B4BCB0561E993D9800DD4B36 /* CollectionHeaderView.xib */,
				B46E8A591E9B2DD60006F5E5 /* CollectionPrettyCell.swift */,
				B46E8A5A1E9B2DD60006F5E5 /* CollectionPrettyCell.xib */,
				B45EC65F1EA9AC0900AA1BA4 /* RecommendCycleView.swift */,
				B45EC6611EA9AC3500AA1BA4 /* RecommendCycleView.xib */,
				B45EC6651EA9DCCC00AA1BA4 /* CollectionCycleCell.swift */,
				B45EC6661EA9DCCC00AA1BA4 /* CollectionCycleCell.xib */,
				B45EC6691EA9F4F900AA1BA4 /* RecommendGameView.swift */,
				B45EC66B1EA9F50600AA1BA4 /* RecommendGameView.xib */,
				B45EC66D1EAA015F00AA1BA4 /* CollectionGameCell.swift */,
				B45EC66E1EAA015F00AA1BA4 /* CollectionGameCell.xib */,
				B4C103F71EBA45040069EA6C /* AmuseMenuView.swift */,
				B4C103F91EBA45140069EA6C /* AmuseMenuView.xib */,
				B410CC351EBAFBBC00269F8D /* AmuseMenuViewCell.swift */,
				B410CC361EBAFBBC00269F8D /* AmuseMenuViewCell.xib */,
			);
			path = View;
			sourceTree = "<group>";
		};
		B43D95EB1EA66A4E00EBDAB6 /* ViewModel */ = {
			isa = PBXGroup;
			children = (
				B43D95EC1EA66A6700EBDAB6 /* RecommendViewModel.swift */,
				B44E5FA31EB8997800832747 /* GameViewModel.swift */,
				B45F69151EB9B05E00321E33 /* AmuseViewModel.swift */,
				B4D6A5E71EC1A30600A220C2 /* FunnyViewModel.swift */,
			);
			path = ViewModel;
			sourceTree = "<group>";
		};
		B45F69171EB9C85A00321E33 /* ViewModel */ = {
			isa = PBXGroup;
			children = (
				B45F69181EB9C86B00321E33 /* BaseViewModel.swift */,
			);
			path = ViewModel;
			sourceTree = "<group>";
		};
		B469DC1A1E8FF32600B47BF4 /* Extensions */ = {
			isa = PBXGroup;
			children = (
				B469DC1B1E8FF35A00B47BF4 /* UIBarButtonItem+Extension.swift */,
				B4DD790A1E93EA9000F36F8A /* UIColor+Extension.swift */,
				B4902FBE1EA272F900EF7633 /* NSDate+Extension.swift */,
			);
			path = Extensions;
			sourceTree = "<group>";
		};
		B48C4C9E1E8CEC28002CD3AF = {
			isa = PBXGroup;
			children = (
				B49D70E81E8CF34700B73176 /* DYResource */,
				B48C4CA91E8CEC28002CD3AF /* DYLive */,
				B48C4CBE1E8CEC28002CD3AF /* DYLiveTests */,
				B48C4CC91E8CEC28002CD3AF /* DYLiveUITests */,
				B48C4CA81E8CEC28002CD3AF /* Products */,
				186CDA845EF7107779A85BD1 /* Pods */,
				9BAC786EE28A05AD99D237B5 /* Frameworks */,
			);
			sourceTree = "<group>";
		};
		B48C4CA81E8CEC28002CD3AF /* Products */ = {
			isa = PBXGroup;
			children = (
				B48C4CA71E8CEC28002CD3AF /* DYLive.app */,
				B48C4CBB1E8CEC28002CD3AF /* DYLiveTests.xctest */,
				B48C4CC61E8CEC28002CD3AF /* DYLiveUITests.xctest */,
			);
			name = Products;
			sourceTree = "<group>";
		};
		B48C4CA91E8CEC28002CD3AF /* DYLive */ = {
			isa = PBXGroup;
			children = (
				B49D71071E8CF93100B73176 /* Classes */,
				B48C4CAA1E8CEC28002CD3AF /* AppDelegate.swift */,
				B48C4CB11E8CEC28002CD3AF /* Assets.xcassets */,
				B48C4CB31E8CEC28002CD3AF /* LaunchScreen.storyboard */,
				B48C4CB61E8CEC28002CD3AF /* Info.plist */,
			);
			path = DYLive;
			sourceTree = "<group>";
		};
		B48C4CBE1E8CEC28002CD3AF /* DYLiveTests */ = {
			isa = PBXGroup;
			children = (
				B48C4CBF1E8CEC28002CD3AF /* DYLiveTests.swift */,
				B48C4CC11E8CEC28002CD3AF /* Info.plist */,
			);
			path = DYLiveTests;
			sourceTree = "<group>";
		};
		B48C4CC91E8CEC28002CD3AF /* DYLiveUITests */ = {
			isa = PBXGroup;
			children = (
				B48C4CCA1E8CEC28002CD3AF /* DYLiveUITests.swift */,
				B48C4CCC1E8CEC28002CD3AF /* Info.plist */,
			);
			path = DYLiveUITests;
			sourceTree = "<group>";
		};
		B49D70E81E8CF34700B73176 /* DYResource */ = {
			isa = PBXGroup;
			children = (
				B49D70E91E8CF34700B73176 /* icon */,
				B49D70F31E8CF34700B73176 /* launch */,
			);
			path = DYResource;
			sourceTree = "<group>";
		};
		B49D70E91E8CF34700B73176 /* icon */ = {
			isa = PBXGroup;
			children = (
				B49D70EA1E8CF34700B73176 /* AppIcon20x20@2x.png */,
				B49D70EB1E8CF34700B73176 /* AppIcon20x20@3x.png */,
				B49D70EC1E8CF34700B73176 /* AppIcon29x29.png */,
				B49D70ED1E8CF34700B73176 /* AppIcon29x29@2x.png */,
				B49D70EE1E8CF34700B73176 /* AppIcon40x40@2x.png */,
				B49D70EF1E8CF34700B73176 /* AppIcon57x57.png */,
				B49D70F01E8CF34700B73176 /* AppIcon57x57@2x.png */,
				B49D70F11E8CF34700B73176 /* AppIcon60x60@2x.png */,
				B49D70F21E8CF34700B73176 /* AppIcon60x60@3x.png */,
			);
			path = icon;
			sourceTree = "<group>";
		};
		B49D70F31E8CF34700B73176 /* launch */ = {
			isa = PBXGroup;
			children = (
				B49D70F41E8CF34700B73176 /* Default1136.png */,
				B49D70F51E8CF34700B73176 /* Default1334.png */,
				B49D70F61E8CF34700B73176 /* Default1472.png */,
				B49D70F71E8CF34700B73176 /* Default2048.png */,
				B49D70F81E8CF34700B73176 /* Default960.png */,
			);
			path = launch;
			sourceTree = "<group>";
		};
		B49D71071E8CF93100B73176 /* Classes */ = {
			isa = PBXGroup;
			children = (
				B49D710B1E8CF93100B73176 /* Main */,
				B49D71091E8CF93100B73176 /* Home */,
				B49D710A1E8CF93100B73176 /* Live */,
				B49D71081E8CF93100B73176 /* Follow */,
				B49D710E1E8CFB0900B73176 /* Discovery */,
				B49D710C1E8CF93100B73176 /* Profile */,
				B49D710D1E8CF93100B73176 /* Tools */,
			);
			path = Classes;
			sourceTree = "<group>";
		};
		B49D71081E8CF93100B73176 /* Follow */ = {
			isa = PBXGroup;
			children = (
				B40438991E8D05EC00756453 /* Fous.storyboard */,
			);
			path = Follow;
			sourceTree = "<group>";
		};
		B49D71091E8CF93100B73176 /* Home */ = {
			isa = PBXGroup;
			children = (
				B43D95EB1EA66A4E00EBDAB6 /* ViewModel */,
				B422A5AE1E8E2BED00788BF4 /* Model */,
				B422A5AF1E8E2BED00788BF4 /* View */,
				B422A5AD1E8E2BED00788BF4 /* Controller */,
			);
			path = Home;
			sourceTree = "<group>";
		};
		B49D710A1E8CF93100B73176 /* Live */ = {
			isa = PBXGroup;
			children = (
				B40438961E8D05D400756453 /* Living.storyboard */,
			);
			path = Live;
			sourceTree = "<group>";
		};
		B49D710B1E8CF93100B73176 /* Main */ = {
			isa = PBXGroup;
			children = (
				B45F69171EB9C85A00321E33 /* ViewModel */,
				B422A5A91E8E2BBF00788BF4 /* Model */,
				B422A5AA1E8E2BBF00788BF4 /* View */,
				B422A5A61E8E2BBF00788BF4 /* Controller */,
			);
			path = Main;
			sourceTree = "<group>";
		};
		B49D710C1E8CF93100B73176 /* Profile */ = {
			isa = PBXGroup;
			children = (
				B404389E1E8D061700756453 /* Mine.storyboard */,
			);
			path = Profile;
			sourceTree = "<group>";
		};
		B49D710D1E8CF93100B73176 /* Tools */ = {
			isa = PBXGroup;
			children = (
				B4F3EF531E9B82E900335AF3 /* NetworkTools */,
				B4F3EF501E9B82C600335AF3 /* Commons */,
				B469DC1A1E8FF32600B47BF4 /* Extensions */,
			);
			path = Tools;
			sourceTree = "<group>";
		};
		B49D710E1E8CFB0900B73176 /* Discovery */ = {
			isa = PBXGroup;
			children = (
				B404389B1E8D060800756453 /* Discovery.storyboard */,
			);
			path = Discovery;
			sourceTree = "<group>";
		};
		B4F3EF501E9B82C600335AF3 /* Commons */ = {
			isa = PBXGroup;
			children = (
				B4F3EF511E9B82C600335AF3 /* Commons.swift */,
			);
			path = Commons;
			sourceTree = "<group>";
		};
		B4F3EF531E9B82E900335AF3 /* NetworkTools */ = {
			isa = PBXGroup;
			children = (
				B4F3EF541E9B832100335AF3 /* NetworkTools.swift */,
			);
			path = NetworkTools;
			sourceTree = "<group>";
		};
/* End PBXGroup section */

/* Begin PBXNativeTarget section */
		B48C4CA61E8CEC28002CD3AF /* DYLive */ = {
			isa = PBXNativeTarget;
			buildConfigurationList = B48C4CCF1E8CEC28002CD3AF /* Build configuration list for PBXNativeTarget "DYLive" */;
			buildPhases = (
				1D0C25B45CE7A851275EB293 /* [CP] Check Pods Manifest.lock */,
				B48C4CA31E8CEC28002CD3AF /* Sources */,
				B48C4CA41E8CEC28002CD3AF /* Frameworks */,
				B48C4CA51E8CEC28002CD3AF /* Resources */,
				B123C86706B7B87B607DE6DD /* [CP] Embed Pods Frameworks */,
				5A5AF7BC6FF1D3D918B05E26 /* [CP] Copy Pods Resources */,
			);
			buildRules = (
			);
			dependencies = (
			);
			name = DYLive;
			productName = DYLive;
			productReference = B48C4CA71E8CEC28002CD3AF /* DYLive.app */;
			productType = "com.apple.product-type.application";
		};
		B48C4CBA1E8CEC28002CD3AF /* DYLiveTests */ = {
			isa = PBXNativeTarget;
			buildConfigurationList = B48C4CD21E8CEC28002CD3AF /* Build configuration list for PBXNativeTarget "DYLiveTests" */;
			buildPhases = (
				B48C4CB71E8CEC28002CD3AF /* Sources */,
				B48C4CB81E8CEC28002CD3AF /* Frameworks */,
				B48C4CB91E8CEC28002CD3AF /* Resources */,
			);
			buildRules = (
			);
			dependencies = (
				B48C4CBD1E8CEC28002CD3AF /* PBXTargetDependency */,
			);
			name = DYLiveTests;
			productName = DYLiveTests;
			productReference = B48C4CBB1E8CEC28002CD3AF /* DYLiveTests.xctest */;
			productType = "com.apple.product-type.bundle.unit-test";
		};
		B48C4CC51E8CEC28002CD3AF /* DYLiveUITests */ = {
			isa = PBXNativeTarget;
			buildConfigurationList = B48C4CD51E8CEC28002CD3AF /* Build configuration list for PBXNativeTarget "DYLiveUITests" */;
			buildPhases = (
				B48C4CC21E8CEC28002CD3AF /* Sources */,
				B48C4CC31E8CEC28002CD3AF /* Frameworks */,
				B48C4CC41E8CEC28002CD3AF /* Resources */,
			);
			buildRules = (
			);
			dependencies = (
				B48C4CC81E8CEC28002CD3AF /* PBXTargetDependency */,
			);
			name = DYLiveUITests;
			productName = DYLiveUITests;
			productReference = B48C4CC61E8CEC28002CD3AF /* DYLiveUITests.xctest */;
			productType = "com.apple.product-type.bundle.ui-testing";
		};
/* End PBXNativeTarget section */

/* Begin PBXProject section */
		B48C4C9F1E8CEC28002CD3AF /* Project object */ = {
			isa = PBXProject;
			attributes = {
				CLASSPREFIX = "";
				LastSwiftUpdateCheck = 0830;
				LastUpgradeCheck = 0830;
				ORGANIZATIONNAME = xiaoyouPrince;
				TargetAttributes = {
					B48C4CA61E8CEC28002CD3AF = {
						CreatedOnToolsVersion = 8.3;
						DevelopmentTeam = J9CJUEB6H8;
						ProvisioningStyle = Automatic;
					};
					B48C4CBA1E8CEC28002CD3AF = {
						CreatedOnToolsVersion = 8.3;
						DevelopmentTeam = J9CJUEB6H8;
						ProvisioningStyle = Automatic;
						TestTargetID = B48C4CA61E8CEC28002CD3AF;
					};
					B48C4CC51E8CEC28002CD3AF = {
						CreatedOnToolsVersion = 8.3;
						DevelopmentTeam = J9CJUEB6H8;
						ProvisioningStyle = Automatic;
						TestTargetID = B48C4CA61E8CEC28002CD3AF;
					};
				};
			};
			buildConfigurationList = B48C4CA21E8CEC28002CD3AF /* Build configuration list for PBXProject "DYLive" */;
			compatibilityVersion = "Xcode 3.2";
			developmentRegion = English;
			hasScannedForEncodings = 0;
			knownRegions = (
				en,
				Base,
			);
			mainGroup = B48C4C9E1E8CEC28002CD3AF;
			productRefGroup = B48C4CA81E8CEC28002CD3AF /* Products */;
			projectDirPath = "";
			projectRoot = "";
			targets = (
				B48C4CA61E8CEC28002CD3AF /* DYLive */,
				B48C4CBA1E8CEC28002CD3AF /* DYLiveTests */,
				B48C4CC51E8CEC28002CD3AF /* DYLiveUITests */,
			);
		};
/* End PBXProject section */

/* Begin PBXResourcesBuildPhase section */
		B48C4CA51E8CEC28002CD3AF /* Resources */ = {
			isa = PBXResourcesBuildPhase;
			buildActionMask = 2147483647;
			files = (
				B48C4CB51E8CEC28002CD3AF /* LaunchScreen.storyboard in Resources */,
				B40438981E8D05D400756453 /* Living.storyboard in Resources */,
				B45EC6681EA9DCCC00AA1BA4 /* CollectionCycleCell.xib in Resources */,
				B49D70FE1E8CF34700B73176 /* AppIcon57x57.png in Resources */,
				B49D71021E8CF34700B73176 /* Default1136.png in Resources */,
				B45EC66C1EA9F50600AA1BA4 /* RecommendGameView.xib in Resources */,
				B404388E1E8D04EE00756453 /* Home.storyboard in Resources */,
				B48C4CB21E8CEC28002CD3AF /* Assets.xcassets in Resources */,
				B49D71031E8CF34700B73176 /* Default1334.png in Resources */,
				B49D71051E8CF34700B73176 /* Default2048.png in Resources */,
				B45EC6621EA9AC3500AA1BA4 /* RecommendCycleView.xib in Resources */,
				B4BCB0581E993D9800DD4B36 /* CollectionHeaderView.xib in Resources */,
				B49D71061E8CF34700B73176 /* Default960.png in Resources */,
				B49D71041E8CF34700B73176 /* Default1472.png in Resources */,
				B49D70FD1E8CF34700B73176 /* AppIcon40x40@2x.png in Resources */,
				B404389F1E8D061700756453 /* Mine.storyboard in Resources */,
				B49D71001E8CF34700B73176 /* AppIcon60x60@2x.png in Resources */,
				B4BCB05C1E99419F00DD4B36 /* CollectionNormalCell.xib in Resources */,
				B49D70F91E8CF34700B73176 /* AppIcon20x20@2x.png in Resources */,
				B49D70FC1E8CF34700B73176 /* AppIcon29x29@2x.png in Resources */,
				B45EC6701EAA015F00AA1BA4 /* CollectionGameCell.xib in Resources */,
				B404389D1E8D060800756453 /* Discovery.storyboard in Resources */,
				B49D71011E8CF34700B73176 /* AppIcon60x60@3x.png in Resources */,
				B4C103FA1EBA45140069EA6C /* AmuseMenuView.xib in Resources */,
				B410CC381EBAFBBC00269F8D /* AmuseMenuViewCell.xib in Resources */,
				B49D70FF1E8CF34700B73176 /* AppIcon57x57@2x.png in Resources */,
				B48C4CB01E8CEC28002CD3AF /* Main.storyboard in Resources */,
				B49D70FA1E8CF34700B73176 /* AppIcon20x20@3x.png in Resources */,
				B46E8A5C1E9B2DD60006F5E5 /* CollectionPrettyCell.xib in Resources */,
				B49D70FB1E8CF34700B73176 /* AppIcon29x29.png in Resources */,
				B404389A1E8D05EC00756453 /* Fous.storyboard in Resources */,
			);
			runOnlyForDeploymentPostprocessing = 0;
		};
		B48C4CB91E8CEC28002CD3AF /* Resources */ = {
			isa = PBXResourcesBuildPhase;
			buildActionMask = 2147483647;
			files = (
			);
			runOnlyForDeploymentPostprocessing = 0;
		};
		B48C4CC41E8CEC28002CD3AF /* Resources */ = {
			isa = PBXResourcesBuildPhase;
			buildActionMask = 2147483647;
			files = (
			);
			runOnlyForDeploymentPostprocessing = 0;
		};
/* End PBXResourcesBuildPhase section */

/* Begin PBXShellScriptBuildPhase section */
		1D0C25B45CE7A851275EB293 /* [CP] Check Pods Manifest.lock */ = {
			isa = PBXShellScriptBuildPhase;
			buildActionMask = 2147483647;
			files = (
			);
			inputPaths = (
			);
			name = "[CP] Check Pods Manifest.lock";
			outputPaths = (
			);
			runOnlyForDeploymentPostprocessing = 0;
			shellPath = /bin/sh;
			shellScript = "diff \"${PODS_PODFILE_DIR_PATH}/Podfile.lock\" \"${PODS_ROOT}/Manifest.lock\" > /dev/null\nif [ $? != 0 ] ; then\n    # print error to STDERR\n    echo \"error: The sandbox is not in sync with the Podfile.lock. Run 'pod install' or update your CocoaPods installation.\" >&2\n    exit 1\nfi\n";
			showEnvVarsInLog = 0;
		};
		5A5AF7BC6FF1D3D918B05E26 /* [CP] Copy Pods Resources */ = {
			isa = PBXShellScriptBuildPhase;
			buildActionMask = 2147483647;
			files = (
			);
			inputPaths = (
			);
			name = "[CP] Copy Pods Resources";
			outputPaths = (
			);
			runOnlyForDeploymentPostprocessing = 0;
			shellPath = /bin/sh;
			shellScript = "\"${SRCROOT}/Pods/Target Support Files/Pods-DYLive/Pods-DYLive-resources.sh\"\n";
			showEnvVarsInLog = 0;
		};
		B123C86706B7B87B607DE6DD /* [CP] Embed Pods Frameworks */ = {
			isa = PBXShellScriptBuildPhase;
			buildActionMask = 2147483647;
			files = (
			);
			inputPaths = (
			);
			name = "[CP] Embed Pods Frameworks";
			outputPaths = (
			);
			runOnlyForDeploymentPostprocessing = 0;
			shellPath = /bin/sh;
			shellScript = "\"${SRCROOT}/Pods/Target Support Files/Pods-DYLive/Pods-DYLive-frameworks.sh\"\n";
			showEnvVarsInLog = 0;
		};
/* End PBXShellScriptBuildPhase section */

/* Begin PBXSourcesBuildPhase section */
		B48C4CA31E8CEC28002CD3AF /* Sources */ = {
			isa = PBXSourcesBuildPhase;
			buildActionMask = 2147483647;
			files = (
				B45EC6601EA9AC0900AA1BA4 /* RecommendCycleView.swift in Sources */,
				B48C4CAB1E8CEC28002CD3AF /* AppDelegate.swift in Sources */,
				B45F69161EB9B05E00321E33 /* AmuseViewModel.swift in Sources */,
				B45F69121EB8DC6000321E33 /* GameBaceModel.swift in Sources */,
				B4BCB0571E993D9800DD4B36 /* CollectionHeaderView.swift in Sources */,
				B44E5FA41EB8997800832747 /* GameViewModel.swift in Sources */,
				B40438A31E8D0F0800756453 /* MainViewController.swift in Sources */,
				B4AFB0E01EB259B500FC166E /* GameViewController.swift in Sources */,
				B4E3DA721E97E8F5000078EC /* RecommendViewController.swift in Sources */,
				B4902FBF1EA272F900EF7633 /* NSDate+Extension.swift in Sources */,
				B410CC371EBAFBBC00269F8D /* AmuseMenuViewCell.swift in Sources */,
				B4E51D261EBF6B6D00A6BCEA /* FunnyViewController.swift in Sources */,
				B4F3EF521E9B82C600335AF3 /* Commons.swift in Sources */,
				B45F69191EB9C86B00321E33 /* BaseViewModel.swift in Sources */,
				B469DC1E1E9002D100B47BF4 /* PageTitleView.swift in Sources */,
				B45EC6671EA9DCCC00AA1BA4 /* CollectionCycleCell.swift in Sources */,
				B44E5FA61EB89B7100832747 /* GameModel.swift in Sources */,
				B4D6A5E81EC1A30600A220C2 /* FunnyViewModel.swift in Sources */,
				B45EC6641EA9D59C00AA1BA4 /* CycleModel.swift in Sources */,
				B45F69141EB991B500321E33 /* AmuseViewController.swift in Sources */,
				B4DD79091E93A35E00F36F8A /* PageContentView.swift in Sources */,
				B469DC1C1E8FF35A00B47BF4 /* UIBarButtonItem+Extension.swift in Sources */,
				B43D95ED1EA66A6700EBDAB6 /* RecommendViewModel.swift in Sources */,
				B45EC66A1EA9F4F900AA1BA4 /* RecommendGameView.swift in Sources */,
				B45F691B1EB9D00100321E33 /* BaceAnchorViewController.swift in Sources */,
				B422A5B11E8E2C6B00788BF4 /* HomeViewController.swift in Sources */,
				B46E8A5B1E9B2DD60006F5E5 /* CollectionPrettyCell.swift in Sources */,
				B4383E251EA8BE5100D1D22B /* CollectionBaseCell.swift in Sources */,
				B4C103F81EBA45040069EA6C /* AmuseMenuView.swift in Sources */,
				B4D6A5ED1EC1BB7B00A220C2 /* BaceViewController.swift in Sources */,
				B4BCB05B1E99419F00DD4B36 /* CollectionNormalCell.swift in Sources */,
				B45EC66F1EAA015F00AA1BA4 /* CollectionGameCell.swift in Sources */,
				B4F07A3A1EA3C86D008073A1 /* AnchorGroup.swift in Sources */,
				B4F3EF551E9B832100335AF3 /* NetworkTools.swift in Sources */,
				B4DD790B1E93EA9000F36F8A /* UIColor+Extension.swift in Sources */,
				B4E636751EA731DD00775F8E /* AnchorModel.swift in Sources */,
			);
			runOnlyForDeploymentPostprocessing = 0;
		};
		B48C4CB71E8CEC28002CD3AF /* Sources */ = {
			isa = PBXSourcesBuildPhase;
			buildActionMask = 2147483647;
			files = (
				B48C4CC01E8CEC28002CD3AF /* DYLiveTests.swift in Sources */,
			);
			runOnlyForDeploymentPostprocessing = 0;
		};
		B48C4CC21E8CEC28002CD3AF /* Sources */ = {
			isa = PBXSourcesBuildPhase;
			buildActionMask = 2147483647;
			files = (
				B48C4CCB1E8CEC28002CD3AF /* DYLiveUITests.swift in Sources */,
			);
			runOnlyForDeploymentPostprocessing = 0;
		};
/* End PBXSourcesBuildPhase section */

/* Begin PBXTargetDependency section */
		B48C4CBD1E8CEC28002CD3AF /* PBXTargetDependency */ = {
			isa = PBXTargetDependency;
			target = B48C4CA61E8CEC28002CD3AF /* DYLive */;
			targetProxy = B48C4CBC1E8CEC28002CD3AF /* PBXContainerItemProxy */;
		};
		B48C4CC81E8CEC28002CD3AF /* PBXTargetDependency */ = {
			isa = PBXTargetDependency;
			target = B48C4CA61E8CEC28002CD3AF /* DYLive */;
			targetProxy = B48C4CC71E8CEC28002CD3AF /* PBXContainerItemProxy */;
		};
/* End PBXTargetDependency section */

/* Begin PBXVariantGroup section */
		B404388C1E8D04EE00756453 /* Home.storyboard */ = {
			isa = PBXVariantGroup;
			children = (
				B404388D1E8D04EE00756453 /* Base */,
			);
			name = Home.storyboard;
			path = ../../Main;
			sourceTree = "<group>";
		};
		B40438961E8D05D400756453 /* Living.storyboard */ = {
			isa = PBXVariantGroup;
			children = (
				B40438971E8D05D400756453 /* Base */,
			);
			name = Living.storyboard;
			path = ../Main;
			sourceTree = "<group>";
		};
		B404389B1E8D060800756453 /* Discovery.storyboard */ = {
			isa = PBXVariantGroup;
			children = (
				B404389C1E8D060800756453 /* Base */,
			);
			name = Discovery.storyboard;
			path = ../Main;
			sourceTree = "<group>";
		};
		B48C4CAE1E8CEC28002CD3AF /* Main.storyboard */ = {
			isa = PBXVariantGroup;
			children = (
				B48C4CAF1E8CEC28002CD3AF /* Base */,
			);
			name = Main.storyboard;
			path = ../../..;
			sourceTree = "<group>";
		};
		B48C4CB31E8CEC28002CD3AF /* LaunchScreen.storyboard */ = {
			isa = PBXVariantGroup;
			children = (
				B48C4CB41E8CEC28002CD3AF /* Base */,
			);
			name = LaunchScreen.storyboard;
			sourceTree = "<group>";
		};
/* End PBXVariantGroup section */

/* Begin XCBuildConfiguration section */
		B48C4CCD1E8CEC28002CD3AF /* Debug */ = {
			isa = XCBuildConfiguration;
			buildSettings = {
				ALWAYS_SEARCH_USER_PATHS = NO;
				CLANG_ANALYZER_NONNULL = YES;
				CLANG_ANALYZER_NUMBER_OBJECT_CONVERSION = YES_AGGRESSIVE;
				CLANG_CXX_LANGUAGE_STANDARD = "gnu++0x";
				CLANG_CXX_LIBRARY = "libc++";
				CLANG_ENABLE_MODULES = YES;
				CLANG_ENABLE_OBJC_ARC = YES;
				CLANG_WARN_BOOL_CONVERSION = YES;
				CLANG_WARN_CONSTANT_CONVERSION = YES;
				CLANG_WARN_DIRECT_OBJC_ISA_USAGE = YES_ERROR;
				CLANG_WARN_DOCUMENTATION_COMMENTS = YES;
				CLANG_WARN_EMPTY_BODY = YES;
				CLANG_WARN_ENUM_CONVERSION = YES;
				CLANG_WARN_INFINITE_RECURSION = YES;
				CLANG_WARN_INT_CONVERSION = YES;
				CLANG_WARN_OBJC_ROOT_CLASS = YES_ERROR;
				CLANG_WARN_SUSPICIOUS_MOVE = YES;
				CLANG_WARN_UNREACHABLE_CODE = YES;
				CLANG_WARN__DUPLICATE_METHOD_MATCH = YES;
				"CODE_SIGN_IDENTITY[sdk=iphoneos*]" = "iPhone Developer";
				COPY_PHASE_STRIP = NO;
				DEBUG_INFORMATION_FORMAT = dwarf;
				ENABLE_STRICT_OBJC_MSGSEND = YES;
				ENABLE_TESTABILITY = YES;
				GCC_C_LANGUAGE_STANDARD = gnu99;
				GCC_DYNAMIC_NO_PIC = NO;
				GCC_NO_COMMON_BLOCKS = YES;
				GCC_OPTIMIZATION_LEVEL = 0;
				GCC_PREPROCESSOR_DEFINITIONS = (
					"DEBUG=1",
					"$(inherited)",
				);
				GCC_WARN_64_TO_32_BIT_CONVERSION = YES;
				GCC_WARN_ABOUT_RETURN_TYPE = YES_ERROR;
				GCC_WARN_UNDECLARED_SELECTOR = YES;
				GCC_WARN_UNINITIALIZED_AUTOS = YES_AGGRESSIVE;
				GCC_WARN_UNUSED_FUNCTION = YES;
				GCC_WARN_UNUSED_VARIABLE = YES;
				IPHONEOS_DEPLOYMENT_TARGET = 10.3;
				MTL_ENABLE_DEBUG_INFO = YES;
				ONLY_ACTIVE_ARCH = YES;
				SDKROOT = iphoneos;
				SWIFT_ACTIVE_COMPILATION_CONDITIONS = DEBUG;
				SWIFT_OPTIMIZATION_LEVEL = "-Onone";
				TARGETED_DEVICE_FAMILY = "1,2";
			};
			name = Debug;
		};
		B48C4CCE1E8CEC28002CD3AF /* Release */ = {
			isa = XCBuildConfiguration;
			buildSettings = {
				ALWAYS_SEARCH_USER_PATHS = NO;
				CLANG_ANALYZER_NONNULL = YES;
				CLANG_ANALYZER_NUMBER_OBJECT_CONVERSION = YES_AGGRESSIVE;
				CLANG_CXX_LANGUAGE_STANDARD = "gnu++0x";
				CLANG_CXX_LIBRARY = "libc++";
				CLANG_ENABLE_MODULES = YES;
				CLANG_ENABLE_OBJC_ARC = YES;
				CLANG_WARN_BOOL_CONVERSION = YES;
				CLANG_WARN_CONSTANT_CONVERSION = YES;
				CLANG_WARN_DIRECT_OBJC_ISA_USAGE = YES_ERROR;
				CLANG_WARN_DOCUMENTATION_COMMENTS = YES;
				CLANG_WARN_EMPTY_BODY = YES;
				CLANG_WARN_ENUM_CONVERSION = YES;
				CLANG_WARN_INFINITE_RECURSION = YES;
				CLANG_WARN_INT_CONVERSION = YES;
				CLANG_WARN_OBJC_ROOT_CLASS = YES_ERROR;
				CLANG_WARN_SUSPICIOUS_MOVE = YES;
				CLANG_WARN_UNREACHABLE_CODE = YES;
				CLANG_WARN__DUPLICATE_METHOD_MATCH = YES;
				"CODE_SIGN_IDENTITY[sdk=iphoneos*]" = "iPhone Developer";
				COPY_PHASE_STRIP = NO;
				DEBUG_INFORMATION_FORMAT = "dwarf-with-dsym";
				ENABLE_NS_ASSERTIONS = NO;
				ENABLE_STRICT_OBJC_MSGSEND = YES;
				GCC_C_LANGUAGE_STANDARD = gnu99;
				GCC_NO_COMMON_BLOCKS = YES;
				GCC_WARN_64_TO_32_BIT_CONVERSION = YES;
				GCC_WARN_ABOUT_RETURN_TYPE = YES_ERROR;
				GCC_WARN_UNDECLARED_SELECTOR = YES;
				GCC_WARN_UNINITIALIZED_AUTOS = YES_AGGRESSIVE;
				GCC_WARN_UNUSED_FUNCTION = YES;
				GCC_WARN_UNUSED_VARIABLE = YES;
				IPHONEOS_DEPLOYMENT_TARGET = 10.3;
				MTL_ENABLE_DEBUG_INFO = NO;
				SDKROOT = iphoneos;
				SWIFT_OPTIMIZATION_LEVEL = "-Owholemodule";
				TARGETED_DEVICE_FAMILY = "1,2";
				VALIDATE_PRODUCT = YES;
			};
			name = Release;
		};
		B48C4CD01E8CEC28002CD3AF /* Debug */ = {
			isa = XCBuildConfiguration;
			baseConfigurationReference = 33568DD63F68EAF8146CEF3F /* Pods-DYLive.debug.xcconfig */;
			buildSettings = {
				ASSETCATALOG_COMPILER_APPICON_NAME = AppIcon;
				ASSETCATALOG_COMPILER_LAUNCHIMAGE_NAME = LaunchImage;
				DEVELOPMENT_TEAM = J9CJUEB6H8;
				INFOPLIST_FILE = DYLive/Info.plist;
				IPHONEOS_DEPLOYMENT_TARGET = 9.0;
				LD_RUNPATH_SEARCH_PATHS = "$(inherited) @executable_path/Frameworks";
				PRODUCT_BUNDLE_IDENTIFIER = cn.xiaoyou.DYLive;
				PRODUCT_NAME = "$(TARGET_NAME)";
				SWIFT_VERSION = 3.0;
			};
			name = Debug;
		};
		B48C4CD11E8CEC28002CD3AF /* Release */ = {
			isa = XCBuildConfiguration;
			baseConfigurationReference = 42EDD0602AF52A09414BA528 /* Pods-DYLive.release.xcconfig */;
			buildSettings = {
				ASSETCATALOG_COMPILER_APPICON_NAME = AppIcon;
				ASSETCATALOG_COMPILER_LAUNCHIMAGE_NAME = LaunchImage;
				DEVELOPMENT_TEAM = J9CJUEB6H8;
				INFOPLIST_FILE = DYLive/Info.plist;
				IPHONEOS_DEPLOYMENT_TARGET = 9.0;
				LD_RUNPATH_SEARCH_PATHS = "$(inherited) @executable_path/Frameworks";
				PRODUCT_BUNDLE_IDENTIFIER = cn.xiaoyou.DYLive;
				PRODUCT_NAME = "$(TARGET_NAME)";
				SWIFT_VERSION = 3.0;
			};
			name = Release;
		};
		B48C4CD31E8CEC28002CD3AF /* Debug */ = {
			isa = XCBuildConfiguration;
			buildSettings = {
				ALWAYS_EMBED_SWIFT_STANDARD_LIBRARIES = YES;
				BUNDLE_LOADER = "$(TEST_HOST)";
				DEVELOPMENT_TEAM = J9CJUEB6H8;
				INFOPLIST_FILE = DYLiveTests/Info.plist;
				LD_RUNPATH_SEARCH_PATHS = "$(inherited) @executable_path/Frameworks @loader_path/Frameworks";
				PRODUCT_BUNDLE_IDENTIFIER = cn.pb.DYLiveTests;
				PRODUCT_NAME = "$(TARGET_NAME)";
				SWIFT_VERSION = 3.0;
				TEST_HOST = "$(BUILT_PRODUCTS_DIR)/DYLive.app/DYLive";
			};
			name = Debug;
		};
		B48C4CD41E8CEC28002CD3AF /* Release */ = {
			isa = XCBuildConfiguration;
			buildSettings = {
				ALWAYS_EMBED_SWIFT_STANDARD_LIBRARIES = YES;
				BUNDLE_LOADER = "$(TEST_HOST)";
				DEVELOPMENT_TEAM = J9CJUEB6H8;
				INFOPLIST_FILE = DYLiveTests/Info.plist;
				LD_RUNPATH_SEARCH_PATHS = "$(inherited) @executable_path/Frameworks @loader_path/Frameworks";
				PRODUCT_BUNDLE_IDENTIFIER = cn.pb.DYLiveTests;
				PRODUCT_NAME = "$(TARGET_NAME)";
				SWIFT_VERSION = 3.0;
				TEST_HOST = "$(BUILT_PRODUCTS_DIR)/DYLive.app/DYLive";
			};
			name = Release;
		};
		B48C4CD61E8CEC28002CD3AF /* Debug */ = {
			isa = XCBuildConfiguration;
			buildSettings = {
				ALWAYS_EMBED_SWIFT_STANDARD_LIBRARIES = YES;
				DEVELOPMENT_TEAM = J9CJUEB6H8;
				INFOPLIST_FILE = DYLiveUITests/Info.plist;
				LD_RUNPATH_SEARCH_PATHS = "$(inherited) @executable_path/Frameworks @loader_path/Frameworks";
				PRODUCT_BUNDLE_IDENTIFIER = cn.pb.DYLiveUITests;
				PRODUCT_NAME = "$(TARGET_NAME)";
				SWIFT_VERSION = 3.0;
				TEST_TARGET_NAME = DYLive;
			};
			name = Debug;
		};
		B48C4CD71E8CEC28002CD3AF /* Release */ = {
			isa = XCBuildConfiguration;
			buildSettings = {
				ALWAYS_EMBED_SWIFT_STANDARD_LIBRARIES = YES;
				DEVELOPMENT_TEAM = J9CJUEB6H8;
				INFOPLIST_FILE = DYLiveUITests/Info.plist;
				LD_RUNPATH_SEARCH_PATHS = "$(inherited) @executable_path/Frameworks @loader_path/Frameworks";
				PRODUCT_BUNDLE_IDENTIFIER = cn.pb.DYLiveUITests;
				PRODUCT_NAME = "$(TARGET_NAME)";
				SWIFT_VERSION = 3.0;
				TEST_TARGET_NAME = DYLive;
			};
			name = Release;
		};
/* End XCBuildConfiguration section */

/* Begin XCConfigurationList section */
		B48C4CA21E8CEC28002CD3AF /* Build configuration list for PBXProject "DYLive" */ = {
			isa = XCConfigurationList;
			buildConfigurations = (
				B48C4CCD1E8CEC28002CD3AF /* Debug */,
				B48C4CCE1E8CEC28002CD3AF /* Release */,
			);
			defaultConfigurationIsVisible = 0;
			defaultConfigurationName = Release;
		};
		B48C4CCF1E8CEC28002CD3AF /* Build configuration list for PBXNativeTarget "DYLive" */ = {
			isa = XCConfigurationList;
			buildConfigurations = (
				B48C4CD01E8CEC28002CD3AF /* Debug */,
				B48C4CD11E8CEC28002CD3AF /* Release */,
			);
			defaultConfigurationIsVisible = 0;
			defaultConfigurationName = Release;
		};
		B48C4CD21E8CEC28002CD3AF /* Build configuration list for PBXNativeTarget "DYLiveTests" */ = {
			isa = XCConfigurationList;
			buildConfigurations = (
				B48C4CD31E8CEC28002CD3AF /* Debug */,
				B48C4CD41E8CEC28002CD3AF /* Release */,
			);
			defaultConfigurationIsVisible = 0;
			defaultConfigurationName = Release;
		};
		B48C4CD51E8CEC28002CD3AF /* Build configuration list for PBXNativeTarget "DYLiveUITests" */ = {
			isa = XCConfigurationList;
			buildConfigurations = (
				B48C4CD61E8CEC28002CD3AF /* Debug */,
				B48C4CD71E8CEC28002CD3AF /* Release */,
			);
			defaultConfigurationIsVisible = 0;
			defaultConfigurationName = Release;
		};
/* End XCConfigurationList section */
	};
	rootObject = B48C4C9F1E8CEC28002CD3AF /* Project object */;
}
